
Microsoft Visual Studio Solution File, Format Version 12.00
# Visual Studio Version 16
VisualStudioVersion = 16.0.30114.105
MinimumVisualStudioVersion = 10.0.40219.1
Project("{FAE04EC0-301F-11D3-BF4B-00C04F79EFBC}") = "dominoclasico", "dominoclasico\dominoclasico.csproj", "{C8D1AC76-A24E-4375-9BA4-3431C82B9B53}"
EndProject
Project("{FAE04EC0-301F-11D3-BF4B-00C04F79EFBC}") = "juego", "juego\juego.csproj", "{E1211903-AB07-4F7A-9104-CADB56E504B9}"
EndProject
Project("{FAE04EC0-301F-11D3-BF4B-00C04F79EFBC}") = "Rules", "Rules\Rules.csproj", "{9D26EC9D-70BC-4D71-9BF4-8C05AA498021}"
EndProject
Global
	GlobalSection(SolutionConfigurationPlatforms) = preSolution
		Debug|Any CPU = Debug|Any CPU
		Release|Any CPU = Release|Any CPU
	EndGlobalSection
	GlobalSection(SolutionProperties) = preSolution
		HideSolutionNode = FALSE
	EndGlobalSection
	GlobalSection(ProjectConfigurationPlatforms) = postSolution
		{C8D1AC76-A24E-4375-9BA4-3431C82B9B53}.Debug|Any CPU.ActiveCfg = Debug|Any CPU
		{C8D1AC76-A24E-4375-9BA4-3431C82B9B53}.Debug|Any CPU.Build.0 = Debug|Any CPU
		{C8D1AC76-A24E-4375-9BA4-3431C82B9B53}.Release|Any CPU.ActiveCfg = Release|Any CPU
		{C8D1AC76-A24E-4375-9BA4-3431C82B9B53}.Release|Any CPU.Build.0 = Release|Any CPU
		{E1211903-AB07-4F7A-9104-CADB56E504B9}.Debug|Any CPU.ActiveCfg = Debug|Any CPU
		{E1211903-AB07-4F7A-9104-CADB56E504B9}.Debug|Any CPU.Build.0 = Debug|Any CPU
		{E1211903-AB07-4F7A-9104-CADB56E504B9}.Release|Any CPU.ActiveCfg = Release|Any CPU
		{E1211903-AB07-4F7A-9104-CADB56E504B9}.Release|Any CPU.Build.0 = Release|Any CPU
		{9D26EC9D-70BC-4D71-9BF4-8C05AA498021}.Debug|Any CPU.ActiveCfg = Debug|Any CPU
		{9D26EC9D-70BC-4D71-9BF4-8C05AA498021}.Debug|Any CPU.Build.0 = Debug|Any CPU
		{9D26EC9D-70BC-4D71-9BF4-8C05AA498021}.Release|Any CPU.ActiveCfg = Release|Any CPU
		{9D26EC9D-70BC-4D71-9BF4-8C05AA498021}.Release|Any CPU.Build.0 = Release|Any CPU
	EndGlobalSection
EndGlobal
